
Microsoft Visual Studio Solution File, Format Version 11.00
# Visual Studio 2010
Project("{8BC9CEB8-8B4A-11D0-8D11-00A0C91BC942}") = "print_db_ns", "print_db_ns\print_db_ns.vcxproj", "{B7E5DA1C-3EAE-471C-B438-ADB324CD813B}"
EndProject
Project("{8BC9CEB8-8B4A-11D0-8D11-00A0C91BC942}") = "dump", "dump\dump.vcxproj", "{8D4D65E7-710D-48D3-88FD-EF96434BED81}"
EndProject
Project("{8BC9CEB8-8B4A-11D0-8D11-00A0C91BC942}") = "recover_collection", "recover_collection\recover_collection.vcxproj", "{86D5E3F6-DC3C-40CB-9AE1-17AD89E5B4AA}"
EndProject
Project("{8BC9CEB8-8B4A-11D0-8D11-00A0C91BC942}") = "print_journal", "print_journal\print_journal.vcxproj", "{E34C88FD-8099-4C47-A7C5-437E1990525D}"
EndProject
Global
	GlobalSection(SolutionConfigurationPlatforms) = preSolution
		Debug|Win32 = Debug|Win32
		Release|Win32 = Release|Win32
	EndGlobalSection
	GlobalSection(ProjectConfigurationPlatforms) = postSolution
		{B7E5DA1C-3EAE-471C-B438-ADB324CD813B}.Debug|Win32.ActiveCfg = Debug|Win32
		{B7E5DA1C-3EAE-471C-B438-ADB324CD813B}.Debug|Win32.Build.0 = Debug|Win32
		{B7E5DA1C-3EAE-471C-B438-ADB324CD813B}.Release|Win32.ActiveCfg = Release|Win32
		{B7E5DA1C-3EAE-471C-B438-ADB324CD813B}.Release|Win32.Build.0 = Release|Win32
		{8D4D65E7-710D-48D3-88FD-EF96434BED81}.Debug|Win32.ActiveCfg = Debug|Win32
		{8D4D65E7-710D-48D3-88FD-EF96434BED81}.Debug|Win32.Build.0 = Debug|Win32
		{8D4D65E7-710D-48D3-88FD-EF96434BED81}.Release|Win32.ActiveCfg = Release|Win32
		{8D4D65E7-710D-48D3-88FD-EF96434BED81}.Release|Win32.Build.0 = Release|Win32
		{86D5E3F6-DC3C-40CB-9AE1-17AD89E5B4AA}.Debug|Win32.ActiveCfg = Debug|Win32
		{86D5E3F6-DC3C-40CB-9AE1-17AD89E5B4AA}.Debug|Win32.Build.0 = Debug|Win32
		{86D5E3F6-DC3C-40CB-9AE1-17AD89E5B4AA}.Release|Win32.ActiveCfg = Release|Win32
		{86D5E3F6-DC3C-40CB-9AE1-17AD89E5B4AA}.Release|Win32.Build.0 = Release|Win32
		{E34C88FD-8099-4C47-A7C5-437E1990525D}.Debug|Win32.ActiveCfg = Debug|Win32
		{E34C88FD-8099-4C47-A7C5-437E1990525D}.Debug|Win32.Build.0 = Debug|Win32
		{E34C88FD-8099-4C47-A7C5-437E1990525D}.Release|Win32.ActiveCfg = Release|Win32
		{E34C88FD-8099-4C47-A7C5-437E1990525D}.Release|Win32.Build.0 = Release|Win32
	EndGlobalSection
	GlobalSection(SolutionProperties) = preSolution
		HideSolutionNode = FALSE
	EndGlobalSection
EndGlobal
